{
  "version": 4,
  "terraform_version": "1.8.3",
  "serial": 259,
  "lineage": "acbe361e-e0b0-d95b-5be7-0976719ee152",
  "outputs": {},
  "resources": [
    {
      "mode": "managed",
      "type": "aws_vpc",
      "name": "main_vpc",
      "provider": "provider[\"registry.terraform.io/hashicorp/aws\"]",
      "instances": [
        {
          "schema_version": 1,
          "attributes": {
            "arn": "arn:aws:ec2:ap-southeast-1:153722386286:vpc/vpc-01c0a90f60d4b7116",
            "assign_generated_ipv6_cidr_block": false,
            "cidr_block": "10.0.0.0/16",
            "default_network_acl_id": "acl-04b74f267ebdd1914",
            "default_route_table_id": "rtb-05166ed2ac704478e",
            "default_security_group_id": "sg-08281bec741a1ef96",
            "dhcp_options_id": "dopt-0afb08f61ddbf383d",
            "enable_dns_hostnames": true,
            "enable_dns_support": true,
            "enable_network_address_usage_metrics": false,
            "id": "vpc-01c0a90f60d4b7116",
            "instance_tenancy": "default",
            "ipv4_ipam_pool_id": null,
            "ipv4_netmask_length": null,
            "ipv6_association_id": "",
            "ipv6_cidr_block": "",
            "ipv6_cidr_block_network_border_group": "",
            "ipv6_ipam_pool_id": "",
            "ipv6_netmask_length": 0,
            "main_route_table_id": "rtb-05166ed2ac704478e",
            "owner_id": "153722386286",
            "region": "ap-southeast-1",
            "tags": {
              "Name": "secondhand-land-vpc"
            },
            "tags_all": {
              "Name": "secondhand-land-vpc"
            }
          },
          "sensitive_attributes": [],
          "private": "eyJzY2hlbWFfdmVyc2lvbiI6IjEifQ=="
        }
      ]
    }
  ],
  "check_results": null
}
